
Microsoft Visual Studio Solution File, Format Version 10.00
# Visual Studio 2008
Project("{8BC9CEB8-8B4A-11D0-8D11-00A0C91BC942}") = "universalchardet", "universalchardet\universalchardet.vcproj", "{3D96F3F3-7C46-4FEE-BD8D-BA19D8ED1DBB}"
	ProjectSection(ProjectDependencies) = postProject
		{7D9BA890-B579-433C-9D02-74D9BF8FDAA7} = {7D9BA890-B579-433C-9D02-74D9BF8FDAA7}
	EndProjectSection
EndProject
Project("{8BC9CEB8-8B4A-11D0-8D11-00A0C91BC942}") = "dll", "dll\dll.vcproj", "{7D9BA890-B579-433C-9D02-74D9BF8FDAA7}"
EndProject
Global
	GlobalSection(SolutionConfigurationPlatforms) = preSolution
		Debug|Win32 = Debug|Win32
		Release|Win32 = Release|Win32
	EndGlobalSection
	GlobalSection(ProjectConfigurationPlatforms) = postSolution
		{3D96F3F3-7C46-4FEE-BD8D-BA19D8ED1DBB}.Debug|Win32.ActiveCfg = Debug|Win32
		{3D96F3F3-7C46-4FEE-BD8D-BA19D8ED1DBB}.Debug|Win32.Build.0 = Debug|Win32
		{3D96F3F3-7C46-4FEE-BD8D-BA19D8ED1DBB}.Release|Win32.ActiveCfg = Release|Win32
		{3D96F3F3-7C46-4FEE-BD8D-BA19D8ED1DBB}.Release|Win32.Build.0 = Release|Win32
		{7D9BA890-B579-433C-9D02-74D9BF8FDAA7}.Debug|Win32.ActiveCfg = Debug|Win32
		{7D9BA890-B579-433C-9D02-74D9BF8FDAA7}.Debug|Win32.Build.0 = Debug|Win32
		{7D9BA890-B579-433C-9D02-74D9BF8FDAA7}.Release|Win32.ActiveCfg = Release|Win32
		{7D9BA890-B579-433C-9D02-74D9BF8FDAA7}.Release|Win32.Build.0 = Release|Win32
	EndGlobalSection
	GlobalSection(SolutionProperties) = preSolution
		HideSolutionNode = FALSE
	EndGlobalSection
EndGlobal
